
Microsoft Visual Studio Solution File, Format Version 12.00
# Visual Studio Version 17
VisualStudioVersion = 17.14.36930.0 d17.14
MinimumVisualStudioVersion = 10.0.40219.1
Project("{FAE04EC0-301F-11D3-BF4B-00C04F79EFBC}") = "Personal Project Time Tracker", "Personal Project Time Tracker.csproj", "{C2C126C6-0516-4B40-995F-07D5E97BB854}"
EndProject
Global
	GlobalSection(SolutionConfigurationPlatforms) = preSolution
		Debug|Any CPU = Debug|Any CPU
		Release|Any CPU = Release|Any CPU
	EndGlobalSection
	GlobalSection(ProjectConfigurationPlatforms) = postSolution
		{C2C126C6-0516-4B40-995F-07D5E97BB854}.Debug|Any CPU.ActiveCfg = Debug|Any CPU
		{C2C126C6-0516-4B40-995F-07D5E97BB854}.Debug|Any CPU.Build.0 = Debug|Any CPU
		{C2C126C6-0516-4B40-995F-07D5E97BB854}.Release|Any CPU.ActiveCfg = Release|Any CPU
		{C2C126C6-0516-4B40-995F-07D5E97BB854}.Release|Any CPU.Build.0 = Release|Any CPU
	EndGlobalSection
	GlobalSection(SolutionProperties) = preSolution
		HideSolutionNode = FALSE
	EndGlobalSection
	GlobalSection(ExtensibilityGlobals) = postSolution
		SolutionGuid = {4181CA78-C054-4E18-BD50-69CA4AC25A12}
	EndGlobalSection
EndGlobal
